
Microsoft Visual Studio Solution File, Format Version 12.00
# Visual Studio 15
VisualStudioVersion = 15.0.27130.2010
MinimumVisualStudioVersion = 10.0.40219.1
Project("{9A19103F-16F7-4668-BE54-9A1E7A4F7556}") = "Albums.API", "Albums.API.csproj", "{60F5EBD2-772E-4418-91E8-D06DF04BBECE}"
EndProject
Global
	GlobalSection(SolutionConfigurationPlatforms) = preSolution
		Debug|Any CPU = Debug|Any CPU
		Release|Any CPU = Release|Any CPU
	EndGlobalSection
	GlobalSection(ProjectConfigurationPlatforms) = postSolution
		{60F5EBD2-772E-4418-91E8-D06DF04BBECE}.Debug|Any CPU.ActiveCfg = Debug|Any CPU
		{60F5EBD2-772E-4418-91E8-D06DF04BBECE}.Debug|Any CPU.Build.0 = Debug|Any CPU
		{60F5EBD2-772E-4418-91E8-D06DF04BBECE}.Release|Any CPU.ActiveCfg = Release|Any CPU
		{60F5EBD2-772E-4418-91E8-D06DF04BBECE}.Release|Any CPU.Build.0 = Release|Any CPU
	EndGlobalSection
	GlobalSection(SolutionProperties) = preSolution
		HideSolutionNode = FALSE
	EndGlobalSection
	GlobalSection(ExtensibilityGlobals) = postSolution
		SolutionGuid = {A1F48A47-4D28-4A55-A3B8-A57B1F1AB003}
	EndGlobalSection
EndGlobal
